
Microsoft Visual Studio Solution File, Format Version 12.00
# Visual Studio 14
VisualStudioVersion = 14.0.25420.1
MinimumVisualStudioVersion = 10.0.40219.1
Project("{FAE04EC0-301F-11D3-BF4B-00C04F79EFBC}") = "Ejer05", "Ejer05\Ejer05.csproj", "{7AA7BFD4-8585-476E-9EDA-D768FC98608A}"
EndProject
Project("{FAE04EC0-301F-11D3-BF4B-00C04F79EFBC}") = "Test", "Test\Test.csproj", "{16AF07D6-02D0-4B9E-84D4-33F850C1AD1B}"
EndProject
Global
	GlobalSection(SolutionConfigurationPlatforms) = preSolution
		Debug|Any CPU = Debug|Any CPU
		Release|Any CPU = Release|Any CPU
	EndGlobalSection
	GlobalSection(ProjectConfigurationPlatforms) = postSolution
		{7AA7BFD4-8585-476E-9EDA-D768FC98608A}.Debug|Any CPU.ActiveCfg = Debug|Any CPU
		{7AA7BFD4-8585-476E-9EDA-D768FC98608A}.Debug|Any CPU.Build.0 = Debug|Any CPU
		{7AA7BFD4-8585-476E-9EDA-D768FC98608A}.Release|Any CPU.ActiveCfg = Release|Any CPU
		{7AA7BFD4-8585-476E-9EDA-D768FC98608A}.Release|Any CPU.Build.0 = Release|Any CPU
		{16AF07D6-02D0-4B9E-84D4-33F850C1AD1B}.Debug|Any CPU.ActiveCfg = Debug|Any CPU
		{16AF07D6-02D0-4B9E-84D4-33F850C1AD1B}.Debug|Any CPU.Build.0 = Debug|Any CPU
		{16AF07D6-02D0-4B9E-84D4-33F850C1AD1B}.Release|Any CPU.ActiveCfg = Release|Any CPU
		{16AF07D6-02D0-4B9E-84D4-33F850C1AD1B}.Release|Any CPU.Build.0 = Release|Any CPU
	EndGlobalSection
	GlobalSection(SolutionProperties) = preSolution
		HideSolutionNode = FALSE
	EndGlobalSection
EndGlobal
